
Microsoft Visual Studio Solution File, Format Version 12.00
# Visual Studio 15
VisualStudioVersion = 15.0.27004.2008
MinimumVisualStudioVersion = 10.0.40219.1
Project("{8BC9CEB8-8B4A-11D0-8D11-00A0C91BC942}") = "Pong", "Pong\Pong.vcxproj", "{7F5C3AA2-D205-44FE-B63C-F411DEE5C8F7}"
EndProject
Project("{FAE04EC0-301F-11D3-BF4B-00C04F79EFBC}") = "PongPAK", "PongPAK\PongPAK.csproj", "{048224CC-EFB4-4CAB-9EED-792C17DF6D64}"
EndProject
Global
	GlobalSection(SolutionConfigurationPlatforms) = preSolution
		Debug|Any CPU = Debug|Any CPU
		Debug|x86 = Debug|x86
		Release|Any CPU = Release|Any CPU
		Release|x86 = Release|x86
	EndGlobalSection
	GlobalSection(ProjectConfigurationPlatforms) = postSolution
		{7F5C3AA2-D205-44FE-B63C-F411DEE5C8F7}.Debug|Any CPU.ActiveCfg = Debug|Win32
		{7F5C3AA2-D205-44FE-B63C-F411DEE5C8F7}.Debug|x86.ActiveCfg = Debug|Win32
		{7F5C3AA2-D205-44FE-B63C-F411DEE5C8F7}.Debug|x86.Build.0 = Debug|Win32
		{7F5C3AA2-D205-44FE-B63C-F411DEE5C8F7}.Release|Any CPU.ActiveCfg = Release|Win32
		{7F5C3AA2-D205-44FE-B63C-F411DEE5C8F7}.Release|x86.ActiveCfg = Release|Win32
		{7F5C3AA2-D205-44FE-B63C-F411DEE5C8F7}.Release|x86.Build.0 = Release|Win32
		{048224CC-EFB4-4CAB-9EED-792C17DF6D64}.Debug|Any CPU.ActiveCfg = Debug|Any CPU
		{048224CC-EFB4-4CAB-9EED-792C17DF6D64}.Debug|Any CPU.Build.0 = Debug|Any CPU
		{048224CC-EFB4-4CAB-9EED-792C17DF6D64}.Debug|x86.ActiveCfg = Debug|Any CPU
		{048224CC-EFB4-4CAB-9EED-792C17DF6D64}.Debug|x86.Build.0 = Debug|Any CPU
		{048224CC-EFB4-4CAB-9EED-792C17DF6D64}.Release|Any CPU.ActiveCfg = Release|Any CPU
		{048224CC-EFB4-4CAB-9EED-792C17DF6D64}.Release|Any CPU.Build.0 = Release|Any CPU
		{048224CC-EFB4-4CAB-9EED-792C17DF6D64}.Release|x86.ActiveCfg = Release|Any CPU
		{048224CC-EFB4-4CAB-9EED-792C17DF6D64}.Release|x86.Build.0 = Release|Any CPU
	EndGlobalSection
	GlobalSection(SolutionProperties) = preSolution
		HideSolutionNode = FALSE
	EndGlobalSection
	GlobalSection(ExtensibilityGlobals) = postSolution
		SolutionGuid = {2DAE5F86-7A6A-4A0D-B584-028C7D38FE91}
	EndGlobalSection
EndGlobal
